<?xml version="1.0" encoding="utf-8"?>
<Project ToolsVersion="4.0" xmlns="http://schemas.microsoft.com/developer/msbuild/2003">
  <ItemGroup>
    <Filter Include="Source Files">
      <UniqueIdentifier>{4FC737F1-C7A5-4376-A066-2A32D752A2FF}</UniqueIdentifier>
      <Extensions>cpp;c;cc;cxx;c++;cppm;ixx;def;odl;idl;hpj;bat;asm;asmx</Extensions>
    </Filter>
    <Filter Include="Header Files">
      <UniqueIdentifier>{93995380-89BD-4b04-88EB-625FBE52EBFB}</UniqueIdentifier>
      <Extensions>h;hh;hpp;hxx;h++;hm;inl;inc;ipp;xsd</Extensions>
    </Filter>
    <Filter Include="Resource Files">
      <UniqueIdentifier>{67DA6AB6-F800-4c08-8B7A-83BB121AAD01}</UniqueIdentifier>
      <Extensions>rc;ico;cur;bmp;dlg;rc2;rct;bin;rgs;gif;jpg;jpeg;jpe;resx;tiff;tif;png;wav;mfcribbon-ms</Extensions>
    </Filter>
  </ItemGroup>
  <ItemGroup>
    <ClCompile Include="main.cpp">
      <Filter>Source Files</Filter>
    </ClCompile>
    <ClCompile Include="server\server.cpp">
      <Filter>Source Files</Filter>
    </ClCompile>
    <ClCompile Include="deps\sqlite3\shell.c">
      <Filter>Source Files</Filter>
    </ClCompile>
    <ClCompile Include="deps\sqlite3\sqlite3.c">
      <Filter>Source Files</Filter>
    </ClCompile>
    <ClCompile Include="deps\hiredis\fuzzing\format_command_fuzzer.c">
      <Filter>Source Files</Filter>
    </ClCompile>
    <ClCompile Include="deps\hiredis\alloc.c">
      <Filter>Source Files</Filter>
    </ClCompile>
    <ClCompile Include="deps\hiredis\async.c">
      <Filter>Source Files</Filter>
    </ClCompile>
    <ClCompile Include="deps\hiredis\dict.c">
      <Filter>Source Files</Filter>
    </ClCompile>
    <ClCompile Include="deps\hiredis\hiredis.c">
      <Filter>Source Files</Filter>
    </ClCompile>
    <ClCompile Include="deps\hiredis\net.c">
      <Filter>Source Files</Filter>
    </ClCompile>
    <ClCompile Include="deps\hiredis\read.c">
      <Filter>Source Files</Filter>
    </ClCompile>
    <ClCompile Include="deps\hiredis\sds.c">
      <Filter>Source Files</Filter>
    </ClCompile>
    <ClCompile Include="deps\hiredis\sockcompat.c">
      <Filter>Source Files</Filter>
    </ClCompile>
    <ClCompile Include="classes\user\user.cpp">
      <Filter>Source Files</Filter>
    </ClCompile>
    <ClCompile Include="classes\post\post.cpp">
      <Filter>Source Files</Filter>
    </ClCompile>
    <ClCompile Include="server\network.cpp">
      <Filter>Source Files</Filter>
    </ClCompile>
    <ClCompile Include="apis\userapi.cpp">
      <Filter>Source Files</Filter>
    </ClCompile>
    <ClCompile Include="db\sql.cpp">
      <Filter>Source Files</Filter>
    </ClCompile>
    <ClCompile Include="db\redis.cpp">
      <Filter>Source Files</Filter>
    </ClCompile>
    <ClCompile Include="classes\token\token.cpp">
      <Filter>Source Files</Filter>
    </ClCompile>
    <ClCompile Include="deps\openssl\applink.c">
      <Filter>Source Files</Filter>
    </ClCompile>
    <ClCompile Include="apis\postapi.cpp">
      <Filter>Source Files</Filter>
    </ClCompile>
    <ClCompile Include="apis\guildapi.cpp">
      <Filter>Source Files</Filter>
    </ClCompile>
  </ItemGroup>
  <ItemGroup>
    <ClInclude Include="server\server.h">
      <Filter>Header Files</Filter>
    </ClInclude>
    <ClInclude Include="deps\sqlite3\sqlite3.h">
      <Filter>Header Files</Filter>
    </ClInclude>
    <ClInclude Include="deps\sqlite3\sqlite3ext.h">
      <Filter>Header Files</Filter>
    </ClInclude>
    <ClInclude Include="deps\hiredis\adapters\ae.h">
      <Filter>Header Files</Filter>
    </ClInclude>
    <ClInclude Include="deps\hiredis\adapters\glib.h">
      <Filter>Header Files</Filter>
    </ClInclude>
    <ClInclude Include="deps\hiredis\adapters\ivykis.h">
      <Filter>Header Files</Filter>
    </ClInclude>
    <ClInclude Include="deps\hiredis\adapters\libev.h">
      <Filter>Header Files</Filter>
    </ClInclude>
    <ClInclude Include="deps\hiredis\adapters\libevent.h">
      <Filter>Header Files</Filter>
    </ClInclude>
    <ClInclude Include="deps\hiredis\adapters\libhv.h">
      <Filter>Header Files</Filter>
    </ClInclude>
    <ClInclude Include="deps\hiredis\adapters\libuv.h">
      <Filter>Header Files</Filter>
    </ClInclude>
    <ClInclude Include="deps\hiredis\adapters\macosx.h">
      <Filter>Header Files</Filter>
    </ClInclude>
    <ClInclude Include="deps\hiredis\adapters\poll.h">
      <Filter>Header Files</Filter>
    </ClInclude>
    <ClInclude Include="deps\hiredis\adapters\qt.h">
      <Filter>Header Files</Filter>
    </ClInclude>
    <ClInclude Include="deps\hiredis\alloc.h">
      <Filter>Header Files</Filter>
    </ClInclude>
    <ClInclude Include="deps\hiredis\async.h">
      <Filter>Header Files</Filter>
    </ClInclude>
    <ClInclude Include="deps\hiredis\async_private.h">
      <Filter>Header Files</Filter>
    </ClInclude>
    <ClInclude Include="deps\hiredis\dict.h">
      <Filter>Header Files</Filter>
    </ClInclude>
    <ClInclude Include="deps\hiredis\fmacros.h">
      <Filter>Header Files</Filter>
    </ClInclude>
    <ClInclude Include="deps\hiredis\hiredis.h">
      <Filter>Header Files</Filter>
    </ClInclude>
    <ClInclude Include="deps\hiredis\net.h">
      <Filter>Header Files</Filter>
    </ClInclude>
    <ClInclude Include="deps\hiredis\read.h">
      <Filter>Header Files</Filter>
    </ClInclude>
    <ClInclude Include="deps\hiredis\sds.h">
      <Filter>Header Files</Filter>
    </ClInclude>
    <ClInclude Include="deps\hiredis\sdsalloc.h">
      <Filter>Header Files</Filter>
    </ClInclude>
    <ClInclude Include="deps\hiredis\sockcompat.h">
      <Filter>Header Files</Filter>
    </ClInclude>
    <ClInclude Include="deps\hiredis\win32.h">
      <Filter>Header Files</Filter>
    </ClInclude>
    <ClInclude Include="classes\user\user.h">
      <Filter>Header Files</Filter>
    </ClInclude>
    <ClInclude Include="classes\post\post.h">
      <Filter>Header Files</Filter>
    </ClInclude>
    <ClInclude Include="apis\userapi.h">
      <Filter>Header Files</Filter>
    </ClInclude>
    <ClInclude Include="server\network.h">
      <Filter>Header Files</Filter>
    </ClInclude>
    <ClInclude Include="db\sql.h">
      <Filter>Header Files</Filter>
    </ClInclude>
    <ClInclude Include="db\redis.h">
      <Filter>Header Files</Filter>
    </ClInclude>
    <ClInclude Include="classes\token\token.h">
      <Filter>Header Files</Filter>
    </ClInclude>
    <ClInclude Include="deps\openssl\__DECC_INCLUDE_EPILOGUE.H">
      <Filter>Header Files</Filter>
    </ClInclude>
    <ClInclude Include="deps\openssl\__DECC_INCLUDE_PROLOGUE.H">
      <Filter>Header Files</Filter>
    </ClInclude>
    <ClInclude Include="deps\openssl\aes.h">
      <Filter>Header Files</Filter>
    </ClInclude>
    <ClInclude Include="deps\openssl\asn1.h">
      <Filter>Header Files</Filter>
    </ClInclude>
    <ClInclude Include="deps\openssl\asn1_mac.h">
      <Filter>Header Files</Filter>
    </ClInclude>
    <ClInclude Include="deps\openssl\asn1err.h">
      <Filter>Header Files</Filter>
    </ClInclude>
    <ClInclude Include="deps\openssl\asn1t.h">
      <Filter>Header Files</Filter>
    </ClInclude>
    <ClInclude Include="deps\openssl\async.h">
      <Filter>Header Files</Filter>
    </ClInclude>
    <ClInclude Include="deps\openssl\asyncerr.h">
      <Filter>Header Files</Filter>
    </ClInclude>
    <ClInclude Include="deps\openssl\bio.h">
      <Filter>Header Files</Filter>
    </ClInclude>
    <ClInclude Include="deps\openssl\bioerr.h">
      <Filter>Header Files</Filter>
    </ClInclude>
    <ClInclude Include="deps\openssl\blowfish.h">
      <Filter>Header Files</Filter>
    </ClInclude>
    <ClInclude Include="deps\openssl\bn.h">
      <Filter>Header Files</Filter>
    </ClInclude>
    <ClInclude Include="deps\openssl\bnerr.h">
      <Filter>Header Files</Filter>
    </ClInclude>
    <ClInclude Include="deps\openssl\buffer.h">
      <Filter>Header Files</Filter>
    </ClInclude>
    <ClInclude Include="deps\openssl\buffererr.h">
      <Filter>Header Files</Filter>
    </ClInclude>
    <ClInclude Include="deps\openssl\camellia.h">
      <Filter>Header Files</Filter>
    </ClInclude>
    <ClInclude Include="deps\openssl\cast.h">
      <Filter>Header Files</Filter>
    </ClInclude>
    <ClInclude Include="deps\openssl\cmac.h">
      <Filter>Header Files</Filter>
    </ClInclude>
    <ClInclude Include="deps\openssl\cmp.h">
      <Filter>Header Files</Filter>
    </ClInclude>
    <ClInclude Include="deps\openssl\cmp_util.h">
      <Filter>Header Files</Filter>
    </ClInclude>
    <ClInclude Include="deps\openssl\cmperr.h">
      <Filter>Header Files</Filter>
    </ClInclude>
    <ClInclude Include="deps\openssl\cms.h">
      <Filter>Header Files</Filter>
    </ClInclude>
    <ClInclude Include="deps\openssl\cmserr.h">
      <Filter>Header Files</Filter>
    </ClInclude>
    <ClInclude Include="deps\openssl\comp.h">
      <Filter>Header Files</Filter>
    </ClInclude>
    <ClInclude Include="deps\openssl\comperr.h">
      <Filter>Header Files</Filter>
    </ClInclude>
    <ClInclude Include="deps\openssl\conf.h">
      <Filter>Header Files</Filter>
    </ClInclude>
    <ClInclude Include="deps\openssl\conf_api.h">
      <Filter>Header Files</Filter>
    </ClInclude>
    <ClInclude Include="deps\openssl\conferr.h">
      <Filter>Header Files</Filter>
    </ClInclude>
    <ClInclude Include="deps\openssl\configuration.h">
      <Filter>Header Files</Filter>
    </ClInclude>
    <ClInclude Include="deps\openssl\conftypes.h">
      <Filter>Header Files</Filter>
    </ClInclude>
    <ClInclude Include="deps\openssl\core.h">
      <Filter>Header Files</Filter>
    </ClInclude>
    <ClInclude Include="deps\openssl\core_dispatch.h">
      <Filter>Header Files</Filter>
    </ClInclude>
    <ClInclude Include="deps\openssl\core_names.h">
      <Filter>Header Files</Filter>
    </ClInclude>
    <ClInclude Include="deps\openssl\core_object.h">
      <Filter>Header Files</Filter>
    </ClInclude>
    <ClInclude Include="deps\openssl\crmf.h">
      <Filter>Header Files</Filter>
    </ClInclude>
    <ClInclude Include="deps\openssl\crmferr.h">
      <Filter>Header Files</Filter>
    </ClInclude>
    <ClInclude Include="deps\openssl\crypto.h">
      <Filter>Header Files</Filter>
    </ClInclude>
    <ClInclude Include="deps\openssl\cryptoerr.h">
      <Filter>Header Files</Filter>
    </ClInclude>
    <ClInclude Include="deps\openssl\cryptoerr_legacy.h">
      <Filter>Header Files</Filter>
    </ClInclude>
    <ClInclude Include="deps\openssl\ct.h">
      <Filter>Header Files</Filter>
    </ClInclude>
    <ClInclude Include="deps\openssl\cterr.h">
      <Filter>Header Files</Filter>
    </ClInclude>
    <ClInclude Include="deps\openssl\decoder.h">
      <Filter>Header Files</Filter>
    </ClInclude>
    <ClInclude Include="deps\openssl\decodererr.h">
      <Filter>Header Files</Filter>
    </ClInclude>
    <ClInclude Include="deps\openssl\des.h">
      <Filter>Header Files</Filter>
    </ClInclude>
    <ClInclude Include="deps\openssl\dh.h">
      <Filter>Header Files</Filter>
    </ClInclude>
    <ClInclude Include="deps\openssl\dherr.h">
      <Filter>Header Files</Filter>
    </ClInclude>
    <ClInclude Include="deps\openssl\dsa.h">
      <Filter>Header Files</Filter>
    </ClInclude>
    <ClInclude Include="deps\openssl\dsaerr.h">
      <Filter>Header Files</Filter>
    </ClInclude>
    <ClInclude Include="deps\openssl\dtls1.h">
      <Filter>Header Files</Filter>
    </ClInclude>
    <ClInclude Include="deps\openssl\e_os2.h">
      <Filter>Header Files</Filter>
    </ClInclude>
    <ClInclude Include="deps\openssl\ebcdic.h">
      <Filter>Header Files</Filter>
    </ClInclude>
    <ClInclude Include="deps\openssl\ec.h">
      <Filter>Header Files</Filter>
    </ClInclude>
    <ClInclude Include="deps\openssl\ecdh.h">
      <Filter>Header Files</Filter>
    </ClInclude>
    <ClInclude Include="deps\openssl\ecdsa.h">
      <Filter>Header Files</Filter>
    </ClInclude>
    <ClInclude Include="deps\openssl\ecerr.h">
      <Filter>Header Files</Filter>
    </ClInclude>
    <ClInclude Include="deps\openssl\encoder.h">
      <Filter>Header Files</Filter>
    </ClInclude>
    <ClInclude Include="deps\openssl\encodererr.h">
      <Filter>Header Files</Filter>
    </ClInclude>
    <ClInclude Include="deps\openssl\engine.h">
      <Filter>Header Files</Filter>
    </ClInclude>
    <ClInclude Include="deps\openssl\engineerr.h">
      <Filter>Header Files</Filter>
    </ClInclude>
    <ClInclude Include="deps\openssl\err.h">
      <Filter>Header Files</Filter>
    </ClInclude>
    <ClInclude Include="deps\openssl\ess.h">
      <Filter>Header Files</Filter>
    </ClInclude>
    <ClInclude Include="deps\openssl\esserr.h">
      <Filter>Header Files</Filter>
    </ClInclude>
    <ClInclude Include="deps\openssl\evp.h">
      <Filter>Header Files</Filter>
    </ClInclude>
    <ClInclude Include="deps\openssl\evperr.h">
      <Filter>Header Files</Filter>
    </ClInclude>
    <ClInclude Include="deps\openssl\fips_names.h">
      <Filter>Header Files</Filter>
    </ClInclude>
    <ClInclude Include="deps\openssl\fipskey.h">
      <Filter>Header Files</Filter>
    </ClInclude>
    <ClInclude Include="deps\openssl\hmac.h">
      <Filter>Header Files</Filter>
    </ClInclude>
    <ClInclude Include="deps\openssl\hpke.h">
      <Filter>Header Files</Filter>
    </ClInclude>
    <ClInclude Include="deps\openssl\http.h">
      <Filter>Header Files</Filter>
    </ClInclude>
    <ClInclude Include="deps\openssl\httperr.h">
      <Filter>Header Files</Filter>
    </ClInclude>
    <ClInclude Include="deps\openssl\idea.h">
      <Filter>Header Files</Filter>
    </ClInclude>
    <ClInclude Include="deps\openssl\kdf.h">
      <Filter>Header Files</Filter>
    </ClInclude>
    <ClInclude Include="deps\openssl\kdferr.h">
      <Filter>Header Files</Filter>
    </ClInclude>
    <ClInclude Include="deps\openssl\lhash.h">
      <Filter>Header Files</Filter>
    </ClInclude>
    <ClInclude Include="deps\openssl\macros.h">
      <Filter>Header Files</Filter>
    </ClInclude>
    <ClInclude Include="deps\openssl\md2.h">
      <Filter>Header Files</Filter>
    </ClInclude>
    <ClInclude Include="deps\openssl\md4.h">
      <Filter>Header Files</Filter>
    </ClInclude>
    <ClInclude Include="deps\openssl\md5.h">
      <Filter>Header Files</Filter>
    </ClInclude>
    <ClInclude Include="deps\openssl\mdc2.h">
      <Filter>Header Files</Filter>
    </ClInclude>
    <ClInclude Include="deps\openssl\modes.h">
      <Filter>Header Files</Filter>
    </ClInclude>
    <ClInclude Include="deps\openssl\obj_mac.h">
      <Filter>Header Files</Filter>
    </ClInclude>
    <ClInclude Include="deps\openssl\objects.h">
      <Filter>Header Files</Filter>
    </ClInclude>
    <ClInclude Include="deps\openssl\objectserr.h">
      <Filter>Header Files</Filter>
    </ClInclude>
    <ClInclude Include="deps\openssl\ocsp.h">
      <Filter>Header Files</Filter>
    </ClInclude>
    <ClInclude Include="deps\openssl\ocsperr.h">
      <Filter>Header Files</Filter>
    </ClInclude>
    <ClInclude Include="deps\openssl\opensslconf.h">
      <Filter>Header Files</Filter>
    </ClInclude>
    <ClInclude Include="deps\openssl\opensslv.h">
      <Filter>Header Files</Filter>
    </ClInclude>
    <ClInclude Include="deps\openssl\ossl_typ.h">
      <Filter>Header Files</Filter>
    </ClInclude>
    <ClInclude Include="deps\openssl\param_build.h">
      <Filter>Header Files</Filter>
    </ClInclude>
    <ClInclude Include="deps\openssl\params.h">
      <Filter>Header Files</Filter>
    </ClInclude>
    <ClInclude Include="deps\openssl\pem.h">
      <Filter>Header Files</Filter>
    </ClInclude>
    <ClInclude Include="deps\openssl\pem2.h">
      <Filter>Header Files</Filter>
    </ClInclude>
    <ClInclude Include="deps\openssl\pemerr.h">
      <Filter>Header Files</Filter>
    </ClInclude>
    <ClInclude Include="deps\openssl\pkcs7.h">
      <Filter>Header Files</Filter>
    </ClInclude>
    <ClInclude Include="deps\openssl\pkcs7err.h">
      <Filter>Header Files</Filter>
    </ClInclude>
    <ClInclude Include="deps\openssl\pkcs12.h">
      <Filter>Header Files</Filter>
    </ClInclude>
    <ClInclude Include="deps\openssl\pkcs12err.h">
      <Filter>Header Files</Filter>
    </ClInclude>
    <ClInclude Include="deps\openssl\prov_ssl.h">
      <Filter>Header Files</Filter>
    </ClInclude>
    <ClInclude Include="deps\openssl\proverr.h">
      <Filter>Header Files</Filter>
    </ClInclude>
    <ClInclude Include="deps\openssl\provider.h">
      <Filter>Header Files</Filter>
    </ClInclude>
    <ClInclude Include="deps\openssl\quic.h">
      <Filter>Header Files</Filter>
    </ClInclude>
    <ClInclude Include="deps\openssl\rand.h">
      <Filter>Header Files</Filter>
    </ClInclude>
    <ClInclude Include="deps\openssl\randerr.h">
      <Filter>Header Files</Filter>
    </ClInclude>
    <ClInclude Include="deps\openssl\rc2.h">
      <Filter>Header Files</Filter>
    </ClInclude>
    <ClInclude Include="deps\openssl\rc4.h">
      <Filter>Header Files</Filter>
    </ClInclude>
    <ClInclude Include="deps\openssl\rc5.h">
      <Filter>Header Files</Filter>
    </ClInclude>
    <ClInclude Include="deps\openssl\ripemd.h">
      <Filter>Header Files</Filter>
    </ClInclude>
    <ClInclude Include="deps\openssl\rsa.h">
      <Filter>Header Files</Filter>
    </ClInclude>
    <ClInclude Include="deps\openssl\rsaerr.h">
      <Filter>Header Files</Filter>
    </ClInclude>
    <ClInclude Include="deps\openssl\safestack.h">
      <Filter>Header Files</Filter>
    </ClInclude>
    <ClInclude Include="deps\openssl\seed.h">
      <Filter>Header Files</Filter>
    </ClInclude>
    <ClInclude Include="deps\openssl\self_test.h">
      <Filter>Header Files</Filter>
    </ClInclude>
    <ClInclude Include="deps\openssl\sha.h">
      <Filter>Header Files</Filter>
    </ClInclude>
    <ClInclude Include="deps\openssl\srp.h">
      <Filter>Header Files</Filter>
    </ClInclude>
    <ClInclude Include="deps\openssl\srtp.h">
      <Filter>Header Files</Filter>
    </ClInclude>
    <ClInclude Include="deps\openssl\ssl.h">
      <Filter>Header Files</Filter>
    </ClInclude>
    <ClInclude Include="deps\openssl\ssl2.h">
      <Filter>Header Files</Filter>
    </ClInclude>
    <ClInclude Include="deps\openssl\ssl3.h">
      <Filter>Header Files</Filter>
    </ClInclude>
    <ClInclude Include="deps\openssl\sslerr.h">
      <Filter>Header Files</Filter>
    </ClInclude>
    <ClInclude Include="deps\openssl\sslerr_legacy.h">
      <Filter>Header Files</Filter>
    </ClInclude>
    <ClInclude Include="deps\openssl\stack.h">
      <Filter>Header Files</Filter>
    </ClInclude>
    <ClInclude Include="deps\openssl\store.h">
      <Filter>Header Files</Filter>
    </ClInclude>
    <ClInclude Include="deps\openssl\storeerr.h">
      <Filter>Header Files</Filter>
    </ClInclude>
    <ClInclude Include="deps\openssl\symhacks.h">
      <Filter>Header Files</Filter>
    </ClInclude>
    <ClInclude Include="deps\openssl\thread.h">
      <Filter>Header Files</Filter>
    </ClInclude>
    <ClInclude Include="deps\openssl\tls1.h">
      <Filter>Header Files</Filter>
    </ClInclude>
    <ClInclude Include="deps\openssl\trace.h">
      <Filter>Header Files</Filter>
    </ClInclude>
    <ClInclude Include="deps\openssl\ts.h">
      <Filter>Header Files</Filter>
    </ClInclude>
    <ClInclude Include="deps\openssl\tserr.h">
      <Filter>Header Files</Filter>
    </ClInclude>
    <ClInclude Include="deps\openssl\txt_db.h">
      <Filter>Header Files</Filter>
    </ClInclude>
    <ClInclude Include="deps\openssl\types.h">
      <Filter>Header Files</Filter>
    </ClInclude>
    <ClInclude Include="deps\openssl\ui.h">
      <Filter>Header Files</Filter>
    </ClInclude>
    <ClInclude Include="deps\openssl\uierr.h">
      <Filter>Header Files</Filter>
    </ClInclude>
    <ClInclude Include="deps\openssl\whrlpool.h">
      <Filter>Header Files</Filter>
    </ClInclude>
    <ClInclude Include="deps\openssl\x509.h">
      <Filter>Header Files</Filter>
    </ClInclude>
    <ClInclude Include="deps\openssl\x509_vfy.h">
      <Filter>Header Files</Filter>
    </ClInclude>
    <ClInclude Include="deps\openssl\x509err.h">
      <Filter>Header Files</Filter>
    </ClInclude>
    <ClInclude Include="deps\openssl\x509v3.h">
      <Filter>Header Files</Filter>
    </ClInclude>
    <ClInclude Include="deps\openssl\x509v3err.h">
      <Filter>Header Files</Filter>
    </ClInclude>
    <ClInclude Include="apis\postapi.h">
      <Filter>Header Files</Filter>
    </ClInclude>
    <ClInclude Include="apis\guildapi.h">
      <Filter>Header Files</Filter>
    </ClInclude>
    <ClInclude Include="apis\apis.h">
      <Filter>Header Files</Filter>
    </ClInclude>
  </ItemGroup>
  <ItemGroup>
    <None Include="deps\hiredis\.gitignore" />
    <None Include="deps\hiredis\.travis.yml" />
    <None Include="deps\hiredis\appveyor.yml" />
    <None Include="deps\hiredis\CHANGELOG.md" />
    <None Include="deps\hiredis\COPYING" />
    <None Include="deps\hiredis\hiredis.pc.in" />
    <None Include="deps\hiredis\hiredis.targets" />
    <None Include="deps\hiredis\hiredis-config.cmake.in" />
    <None Include="deps\hiredis\Makefile" />
    <None Include="deps\hiredis\README.md" />
    <None Include="website\index.html" />
    <None Include="website\style.css" />
    <None Include="website\login.html" />
    <None Include="website\register.html" />
  </ItemGroup>
  <ItemGroup>
    <Text Include="deps\hiredis\CMakeLists.txt" />
  </ItemGroup>
</Project>